// !$*UTF8*$!
{
	archiveVersion = 1;
	classes = {
	};
	objectVersion = 46;
	objects = {

/* Begin PBXBuildFile section */
		4C457A131A885648002696C6 /* AppDelegate.swift in Sources */ = {isa = PBXBuildFile; fileRef = 4C457A0F1A885648002696C6 /* AppDelegate.swift */; };
		4C457A141A885648002696C6 /* AppleNavBarViewController.swift in Sources */ = {isa = PBXBuildFile; fileRef = 4C457A101A885648002696C6 /* AppleNavBarViewController.swift */; };
		4C457A151A885648002696C6 /* CustomNavBarViewController.swift in Sources */ = {isa = PBXBuildFile; fileRef = 4C457A111A885648002696C6 /* CustomNavBarViewController.swift */; };
		4C457A161A885648002696C6 /* RootViewController.swift in Sources */ = {isa = PBXBuildFile; fileRef = 4C457A121A885648002696C6 /* RootViewController.swift */; };
		4C457A1B1A88565F002696C6 /* Images.xcassets in Resources */ = {isa = PBXBuildFile; fileRef = 4C457A1A1A88565F002696C6 /* Images.xcassets */; };
		4C457A1E1A8856A6002696C6 /* LaunchScreen.xib in Resources */ = {isa = PBXBuildFile; fileRef = 4C457A171A88565A002696C6 /* LaunchScreen.xib */; };
		70518FC8A5C174467904F95F /* Pods.framework in Frameworks */ = {isa = PBXBuildFile; fileRef = DA736F7026D622EFDFE56686 /* Pods.framework */; settings = {ATTRIBUTES = (Weak, ); }; };
/* End PBXBuildFile section */

/* Begin PBXFileReference section */
		103B1B374773F105EDA38483 /* Pods.release.xcconfig */ = {isa = PBXFileReference; includeInIndex = 1; lastKnownFileType = text.xcconfig; name = Pods.release.xcconfig; path = "Pods/Target Support Files/Pods/Pods.release.xcconfig"; sourceTree = "<group>"; };
		4C457A0F1A885648002696C6 /* AppDelegate.swift */ = {isa = PBXFileReference; fileEncoding = 4; lastKnownFileType = sourcecode.swift; name = AppDelegate.swift; path = "Collapsing Nav/AppDelegate.swift"; sourceTree = SOURCE_ROOT; };
		4C457A101A885648002696C6 /* AppleNavBarViewController.swift */ = {isa = PBXFileReference; fileEncoding = 4; lastKnownFileType = sourcecode.swift; name = AppleNavBarViewController.swift; path = "Collapsing Nav/AppleNavBarViewController.swift"; sourceTree = SOURCE_ROOT; };
		4C457A111A885648002696C6 /* CustomNavBarViewController.swift */ = {isa = PBXFileReference; fileEncoding = 4; lastKnownFileType = sourcecode.swift; name = CustomNavBarViewController.swift; path = "Collapsing Nav/CustomNavBarViewController.swift"; sourceTree = SOURCE_ROOT; };
		4C457A121A885648002696C6 /* RootViewController.swift */ = {isa = PBXFileReference; fileEncoding = 4; lastKnownFileType = sourcecode.swift; name = RootViewController.swift; path = "Collapsing Nav/RootViewController.swift"; sourceTree = SOURCE_ROOT; };
		4C457A181A88565A002696C6 /* Base */ = {isa = PBXFileReference; lastKnownFileType = file.xib; name = Base; path = "Collapsing Nav/Base.lproj/LaunchScreen.xib"; sourceTree = SOURCE_ROOT; };
		4C457A1A1A88565F002696C6 /* Images.xcassets */ = {isa = PBXFileReference; lastKnownFileType = folder.assetcatalog; name = Images.xcassets; path = "Collapsing Nav/Images.xcassets"; sourceTree = SOURCE_ROOT; };
		4C457A1C1A885665002696C6 /* Info.plist */ = {isa = PBXFileReference; fileEncoding = 4; lastKnownFileType = text.plist.xml; name = Info.plist; path = "Collapsing Nav/Info.plist"; sourceTree = SOURCE_ROOT; };
		4CE360E31A882E1C0047EA29 /* Collapsing Nav.app */ = {isa = PBXFileReference; explicitFileType = wrapper.application; includeInIndex = 0; path = "Collapsing Nav.app"; sourceTree = BUILT_PRODUCTS_DIR; };
		C3D1018613E30A4F13DEE3B8 /* Pods.debug.xcconfig */ = {isa = PBXFileReference; includeInIndex = 1; lastKnownFileType = text.xcconfig; name = Pods.debug.xcconfig; path = "Pods/Target Support Files/Pods/Pods.debug.xcconfig"; sourceTree = "<group>"; };
		DA736F7026D622EFDFE56686 /* Pods.framework */ = {isa = PBXFileReference; explicitFileType = wrapper.framework; includeInIndex = 0; path = Pods.framework; sourceTree = BUILT_PRODUCTS_DIR; };
/* End PBXFileReference section */

/* Begin PBXFrameworksBuildPhase section */
		4CE360E01A882E1C0047EA29 /* Frameworks */ = {
			isa = PBXFrameworksBuildPhase;
			buildActionMask = 2147483647;
			files = (
				70518FC8A5C174467904F95F /* Pods.framework in Frameworks */,
			);
			runOnlyForDeploymentPostprocessing = 0;
		};
/* End PBXFrameworksBuildPhase section */

/* Begin PBXGroup section */
		4CE360DA1A882E1C0047EA29 = {
			isa = PBXGroup;
			children = (
				4CE360E51A882E1C0047EA29 /* Collapsing Nav & Tab Bars */,
				4CE360E41A882E1C0047EA29 /* Products */,
				DD4729613D4B8E62144FAAEE /* Pods */,
				FFC0F6D16A5285F9BB5F03C9 /* Frameworks */,
			);
			sourceTree = "<group>";
		};
		4CE360E41A882E1C0047EA29 /* Products */ = {
			isa = PBXGroup;
			children = (
				4CE360E31A882E1C0047EA29 /* Collapsing Nav.app */,
			);
			name = Products;
			sourceTree = "<group>";
		};
		4CE360E51A882E1C0047EA29 /* Collapsing Nav & Tab Bars */ = {
			isa = PBXGroup;
			children = (
				4C457A0F1A885648002696C6 /* AppDelegate.swift */,
				4C457A101A885648002696C6 /* AppleNavBarViewController.swift */,
				4C457A111A885648002696C6 /* CustomNavBarViewController.swift */,
				4C457A121A885648002696C6 /* RootViewController.swift */,
				4CE360E61A882E1C0047EA29 /* Supporting Files */,
			);
			path = "Collapsing Nav & Tab Bars";
			sourceTree = "<group>";
		};
		4CE360E61A882E1C0047EA29 /* Supporting Files */ = {
			isa = PBXGroup;
			children = (
				4C457A1A1A88565F002696C6 /* Images.xcassets */,
				4C457A171A88565A002696C6 /* LaunchScreen.xib */,
				4C457A1C1A885665002696C6 /* Info.plist */,
			);
			name = "Supporting Files";
			sourceTree = "<group>";
		};
		DD4729613D4B8E62144FAAEE /* Pods */ = {
			isa = PBXGroup;
			children = (
				C3D1018613E30A4F13DEE3B8 /* Pods.debug.xcconfig */,
				103B1B374773F105EDA38483 /* Pods.release.xcconfig */,
			);
			name = Pods;
			sourceTree = "<group>";
		};
		FFC0F6D16A5285F9BB5F03C9 /* Frameworks */ = {
			isa = PBXGroup;
			children = (
				DA736F7026D622EFDFE56686 /* Pods.framework */,
			);
			name = Frameworks;
			sourceTree = "<group>";
		};
/* End PBXGroup section */

/* Begin PBXNativeTarget section */
		4CE360E21A882E1C0047EA29 /* Collapsing Nav */ = {
			isa = PBXNativeTarget;
			buildConfigurationList = 4CE361021A882E1C0047EA29 /* Build configuration list for PBXNativeTarget "Collapsing Nav" */;
			buildPhases = (
				658450C0264783C352028846 /* Check Pods Manifest.lock */,
				4CE360DF1A882E1C0047EA29 /* Sources */,
				4CE360E01A882E1C0047EA29 /* Frameworks */,
				4CE360E11A882E1C0047EA29 /* Resources */,
				C40BA37429E4A3C90DFF4F84 /* Embed Pods Frameworks */,
				AC8E6EB45C0A8084D4AD6CBF /* Copy Pods Resources */,
			);
			buildRules = (
			);
			dependencies = (
			);
			name = "Collapsing Nav";
			productName = "Collapsing Nav & Tab Bars";
			productReference = 4CE360E31A882E1C0047EA29 /* Collapsing Nav.app */;
			productType = "com.apple.product-type.application";
		};
/* End PBXNativeTarget section */

/* Begin PBXProject section */
		4CE360DB1A882E1C0047EA29 /* Project object */ = {
			isa = PBXProject;
			attributes = {
				LastUpgradeCheck = 0620;
				ORGANIZATIONNAME = Noondev;
				TargetAttributes = {
					4CE360E21A882E1C0047EA29 = {
						CreatedOnToolsVersion = 6.2;
					};
				};
			};
			buildConfigurationList = 4CE360DE1A882E1C0047EA29 /* Build configuration list for PBXProject "Collapsing Nav" */;
			compatibilityVersion = "Xcode 3.2";
			developmentRegion = English;
			hasScannedForEncodings = 0;
			knownRegions = (
				en,
				Base,
			);
			mainGroup = 4CE360DA1A882E1C0047EA29;
			productRefGroup = 4CE360E41A882E1C0047EA29 /* Products */;
			projectDirPath = "";
			projectRoot = "";
			targets = (
				4CE360E21A882E1C0047EA29 /* Collapsing Nav */,
			);
		};
/* End PBXProject section */

/* Begin PBXResourcesBuildPhase section */
		4CE360E11A882E1C0047EA29 /* Resources */ = {
			isa = PBXResourcesBuildPhase;
			buildActionMask = 2147483647;
			files = (
				4C457A1B1A88565F002696C6 /* Images.xcassets in Resources */,
				4C457A1E1A8856A6002696C6 /* LaunchScreen.xib in Resources */,
			);
			runOnlyForDeploymentPostprocessing = 0;
		};
/* End PBXResourcesBuildPhase section */

/* Begin PBXShellScriptBuildPhase section */
		658450C0264783C352028846 /* Check Pods Manifest.lock */ = {
			isa = PBXShellScriptBuildPhase;
			buildActionMask = 2147483647;
			files = (
			);
			inputPaths = (
			);
			name = "Check Pods Manifest.lock";
			outputPaths = (
			);
			runOnlyForDeploymentPostprocessing = 0;
			shellPath = /bin/sh;
			shellScript = "diff \"${PODS_ROOT}/../Podfile.lock\" \"${PODS_ROOT}/Manifest.lock\" > /dev/null\nif [[ $? != 0 ]] ; then\n    cat << EOM\nerror: The sandbox is not in sync with the Podfile.lock. Run 'pod install' or update your CocoaPods installation.\nEOM\n    exit 1\nfi\n";
			showEnvVarsInLog = 0;
		};
		AC8E6EB45C0A8084D4AD6CBF /* Copy Pods Resources */ = {
			isa = PBXShellScriptBuildPhase;
			buildActionMask = 2147483647;
			files = (
			);
			inputPaths = (
			);
			name = "Copy Pods Resources";
			outputPaths = (
			);
			runOnlyForDeploymentPostprocessing = 0;
			shellPath = /bin/sh;
			shellScript = "\"${SRCROOT}/Pods/Target Support Files/Pods/Pods-resources.sh\"\n";
			showEnvVarsInLog = 0;
		};
		C40BA37429E4A3C90DFF4F84 /* Embed Pods Frameworks */ = {
			isa = PBXShellScriptBuildPhase;
			buildActionMask = 2147483647;
			files = (
			);
			inputPaths = (
			);
			name = "Embed Pods Frameworks";
			outputPaths = (
			);
			runOnlyForDeploymentPostprocessing = 0;
			shellPath = /bin/sh;
			shellScript = "\"${SRCROOT}/Pods/Target Support Files/Pods/Pods-frameworks.sh\"\n";
			showEnvVarsInLog = 0;
		};
/* End PBXShellScriptBuildPhase section */

/* Begin PBXSourcesBuildPhase section */
		4CE360DF1A882E1C0047EA29 /* Sources */ = {
			isa = PBXSourcesBuildPhase;
			buildActionMask = 2147483647;
			files = (
				4C457A151A885648002696C6 /* CustomNavBarViewController.swift in Sources */,
				4C457A141A885648002696C6 /* AppleNavBarViewController.swift in Sources */,
				4C457A131A885648002696C6 /* AppDelegate.swift in Sources */,
				4C457A161A885648002696C6 /* RootViewController.swift in Sources */,
			);
			runOnlyForDeploymentPostprocessing = 0;
		};
/* End PBXSourcesBuildPhase section */

/* Begin PBXVariantGroup section */
		4C457A171A88565A002696C6 /* LaunchScreen.xib */ = {
			isa = PBXVariantGroup;
			children = (
				4C457A181A88565A002696C6 /* Base */,
			);
			name = LaunchScreen.xib;
			sourceTree = "<group>";
		};
/* End PBXVariantGroup section */

/* Begin XCBuildConfiguration section */
		4CE361001A882E1C0047EA29 /* Debug */ = {
			isa = XCBuildConfiguration;
			buildSettings = {
				ALWAYS_SEARCH_USER_PATHS = NO;
				CLANG_CXX_LANGUAGE_STANDARD = "gnu++0x";
				CLANG_CXX_LIBRARY = "libc++";
				CLANG_ENABLE_MODULES = YES;
				CLANG_ENABLE_OBJC_ARC = YES;
				CLANG_WARN_BOOL_CONVERSION = YES;
				CLANG_WARN_CONSTANT_CONVERSION = YES;
				CLANG_WARN_DIRECT_OBJC_ISA_USAGE = YES_ERROR;
				CLANG_WARN_EMPTY_BODY = YES;
				CLANG_WARN_ENUM_CONVERSION = YES;
				CLANG_WARN_INT_CONVERSION = YES;
				CLANG_WARN_OBJC_ROOT_CLASS = YES_ERROR;
				CLANG_WARN_UNREACHABLE_CODE = YES;
				CLANG_WARN__DUPLICATE_METHOD_MATCH = YES;
				"CODE_SIGN_IDENTITY[sdk=iphoneos*]" = "iPhone Developer";
				COPY_PHASE_STRIP = NO;
				ENABLE_STRICT_OBJC_MSGSEND = YES;
				GCC_C_LANGUAGE_STANDARD = gnu99;
				GCC_DYNAMIC_NO_PIC = NO;
				GCC_OPTIMIZATION_LEVEL = 0;
				GCC_PREPROCESSOR_DEFINITIONS = (
					"DEBUG=1",
					"$(inherited)",
				);
				GCC_SYMBOLS_PRIVATE_EXTERN = NO;
				GCC_WARN_64_TO_32_BIT_CONVERSION = YES;
				GCC_WARN_ABOUT_RETURN_TYPE = YES_ERROR;
				GCC_WARN_UNDECLARED_SELECTOR = YES;
				GCC_WARN_UNINITIALIZED_AUTOS = YES_AGGRESSIVE;
				GCC_WARN_UNUSED_FUNCTION = YES;
				GCC_WARN_UNUSED_VARIABLE = YES;
				IPHONEOS_DEPLOYMENT_TARGET = 8.2;
				MTL_ENABLE_DEBUG_INFO = YES;
				ONLY_ACTIVE_ARCH = YES;
				SDKROOT = iphoneos;
				SWIFT_OPTIMIZATION_LEVEL = "-Onone";
			};
			name = Debug;
		};
		4CE361011A882E1C0047EA29 /* Release */ = {
			isa = XCBuildConfiguration;
			buildSettings = {
				ALWAYS_SEARCH_USER_PATHS = NO;
				CLANG_CXX_LANGUAGE_STANDARD = "gnu++0x";
				CLANG_CXX_LIBRARY = "libc++";
				CLANG_ENABLE_MODULES = YES;
				CLANG_ENABLE_OBJC_ARC = YES;
				CLANG_WARN_BOOL_CONVERSION = YES;
				CLANG_WARN_CONSTANT_CONVERSION = YES;
				CLANG_WARN_DIRECT_OBJC_ISA_USAGE = YES_ERROR;
				CLANG_WARN_EMPTY_BODY = YES;
				CLANG_WARN_ENUM_CONVERSION = YES;
				CLANG_WARN_INT_CONVERSION = YES;
				CLANG_WARN_OBJC_ROOT_CLASS = YES_ERROR;
				CLANG_WARN_UNREACHABLE_CODE = YES;
				CLANG_WARN__DUPLICATE_METHOD_MATCH = YES;
				"CODE_SIGN_IDENTITY[sdk=iphoneos*]" = "iPhone Developer";
				COPY_PHASE_STRIP = NO;
				ENABLE_NS_ASSERTIONS = NO;
				ENABLE_STRICT_OBJC_MSGSEND = YES;
				GCC_C_LANGUAGE_STANDARD = gnu99;
				GCC_WARN_64_TO_32_BIT_CONVERSION = YES;
				GCC_WARN_ABOUT_RETURN_TYPE = YES_ERROR;
				GCC_WARN_UNDECLARED_SELECTOR = YES;
				GCC_WARN_UNINITIALIZED_AUTOS = YES_AGGRESSIVE;
				GCC_WARN_UNUSED_FUNCTION = YES;
				GCC_WARN_UNUSED_VARIABLE = YES;
				IPHONEOS_DEPLOYMENT_TARGET = 8.2;
				MTL_ENABLE_DEBUG_INFO = NO;
				SDKROOT = iphoneos;
				VALIDATE_PRODUCT = YES;
			};
			name = Release;
		};
		4CE361031A882E1C0047EA29 /* Debug */ = {
			isa = XCBuildConfiguration;
			baseConfigurationReference = C3D1018613E30A4F13DEE3B8 /* Pods.debug.xcconfig */;
			buildSettings = {
				ASSETCATALOG_COMPILER_APPICON_NAME = AppIcon;
				INFOPLIST_FILE = "$(SRCROOT)/Collapsing Nav/Info.plist";
				IPHONEOS_DEPLOYMENT_TARGET = 8.1;
				LD_RUNPATH_SEARCH_PATHS = "$(inherited) @executable_path/Frameworks";
				PRODUCT_NAME = "Collapsing Nav";
			};
			name = Debug;
		};
		4CE361041A882E1C0047EA29 /* Release */ = {
			isa = XCBuildConfiguration;
			baseConfigurationReference = 103B1B374773F105EDA38483 /* Pods.release.xcconfig */;
			buildSettings = {
				ASSETCATALOG_COMPILER_APPICON_NAME = AppIcon;
				INFOPLIST_FILE = "$(SRCROOT)/Collapsing Nav/Info.plist";
				IPHONEOS_DEPLOYMENT_TARGET = 8.1;
				LD_RUNPATH_SEARCH_PATHS = "$(inherited) @executable_path/Frameworks";
				PRODUCT_NAME = "Collapsing Nav";
			};
			name = Release;
		};
/* End XCBuildConfiguration section */

/* Begin XCConfigurationList section */
		4CE360DE1A882E1C0047EA29 /* Build configuration list for PBXProject "Collapsing Nav" */ = {
			isa = XCConfigurationList;
			buildConfigurations = (
				4CE361001A882E1C0047EA29 /* Debug */,
				4CE361011A882E1C0047EA29 /* Release */,
			);
			defaultConfigurationIsVisible = 0;
			defaultConfigurationName = Release;
		};
		4CE361021A882E1C0047EA29 /* Build configuration list for PBXNativeTarget "Collapsing Nav" */ = {
			isa = XCConfigurationList;
			buildConfigurations = (
				4CE361031A882E1C0047EA29 /* Debug */,
				4CE361041A882E1C0047EA29 /* Release */,
			);
			defaultConfigurationIsVisible = 0;
			defaultConfigurationName = Release;
		};
/* End XCConfigurationList section */
	};
	rootObject = 4CE360DB1A882E1C0047EA29 /* Project object */;
}
